# THIS IS AN AUTOGENERATED FILE. DO NOT EDIT THIS FILE DIRECTLY.
# yarn lockfile v1


vue-axios@^2.1.5:
  version "2.1.5"
  resolved "https://registry.yarnpkg.com/vue-axios/-/vue-axios-2.1.5.tgz#1af4bf1218ed71309c76afb38d0f683e312c24a7"
  integrity sha512-th5xVbInVoyIoe+qY+9GCflEVezxAvztD4xpFF39SRQYqpoKD2qkmX8yv08jJG9a2SgNOCjirjJGSwg/wTrbmA==
